
Microsoft Visual Studio Solution File, Format Version 12.00
# Visual Studio 15
VisualStudioVersion = 15.0.26124.0
MinimumVisualStudioVersion = 15.0.26124.0
Project("{2150E333-8FDC-42A3-9474-1A3956D46DE8}") = "src", "src", "{3F42A9EC-1C8A-446C-9A1A-36B2C83BC789}"
EndProject
Project("{FAE04EC0-301F-11D3-BF4B-00C04F79EFBC}") = "SimpleAPI", "src\SimpleAPI\SimpleAPI.csproj", "{F16C8B62-D1EF-4C22-BD44-64A502D296BC}"
EndProject
Project("{2150E333-8FDC-42A3-9474-1A3956D46DE8}") = "test", "test", "{06EF0BF4-DC7E-4973-AE5D-620CD6B27702}"
EndProject
Project("{FAE04EC0-301F-11D3-BF4B-00C04F79EFBC}") = "SimpleAPI.Test", "test\SimpleAPI.Test\SimpleAPI.Test.csproj", "{21281C79-593C-4967-A38C-84EC0966D634}"
EndProject
Global
	GlobalSection(SolutionConfigurationPlatforms) = preSolution
		Debug|Any CPU = Debug|Any CPU
		Debug|x64 = Debug|x64
		Debug|x86 = Debug|x86
		Release|Any CPU = Release|Any CPU
		Release|x64 = Release|x64
		Release|x86 = Release|x86
	EndGlobalSection
	GlobalSection(SolutionProperties) = preSolution
		HideSolutionNode = FALSE
	EndGlobalSection
	GlobalSection(ProjectConfigurationPlatforms) = postSolution
		{F16C8B62-D1EF-4C22-BD44-64A502D296BC}.Debug|Any CPU.ActiveCfg = Debug|Any CPU
		{F16C8B62-D1EF-4C22-BD44-64A502D296BC}.Debug|Any CPU.Build.0 = Debug|Any CPU
		{F16C8B62-D1EF-4C22-BD44-64A502D296BC}.Debug|x64.ActiveCfg = Debug|Any CPU
		{F16C8B62-D1EF-4C22-BD44-64A502D296BC}.Debug|x64.Build.0 = Debug|Any CPU
		{F16C8B62-D1EF-4C22-BD44-64A502D296BC}.Debug|x86.ActiveCfg = Debug|Any CPU
		{F16C8B62-D1EF-4C22-BD44-64A502D296BC}.Debug|x86.Build.0 = Debug|Any CPU
		{F16C8B62-D1EF-4C22-BD44-64A502D296BC}.Release|Any CPU.ActiveCfg = Release|Any CPU
		{F16C8B62-D1EF-4C22-BD44-64A502D296BC}.Release|Any CPU.Build.0 = Release|Any CPU
		{F16C8B62-D1EF-4C22-BD44-64A502D296BC}.Release|x64.ActiveCfg = Release|Any CPU
		{F16C8B62-D1EF-4C22-BD44-64A502D296BC}.Release|x64.Build.0 = Release|Any CPU
		{F16C8B62-D1EF-4C22-BD44-64A502D296BC}.Release|x86.ActiveCfg = Release|Any CPU
		{F16C8B62-D1EF-4C22-BD44-64A502D296BC}.Release|x86.Build.0 = Release|Any CPU
		{21281C79-593C-4967-A38C-84EC0966D634}.Debug|Any CPU.ActiveCfg = Debug|Any CPU
		{21281C79-593C-4967-A38C-84EC0966D634}.Debug|Any CPU.Build.0 = Debug|Any CPU
		{21281C79-593C-4967-A38C-84EC0966D634}.Debug|x64.ActiveCfg = Debug|Any CPU
		{21281C79-593C-4967-A38C-84EC0966D634}.Debug|x64.Build.0 = Debug|Any CPU
		{21281C79-593C-4967-A38C-84EC0966D634}.Debug|x86.ActiveCfg = Debug|Any CPU
		{21281C79-593C-4967-A38C-84EC0966D634}.Debug|x86.Build.0 = Debug|Any CPU
		{21281C79-593C-4967-A38C-84EC0966D634}.Release|Any CPU.ActiveCfg = Release|Any CPU
		{21281C79-593C-4967-A38C-84EC0966D634}.Release|Any CPU.Build.0 = Release|Any CPU
		{21281C79-593C-4967-A38C-84EC0966D634}.Release|x64.ActiveCfg = Release|Any CPU
		{21281C79-593C-4967-A38C-84EC0966D634}.Release|x64.Build.0 = Release|Any CPU
		{21281C79-593C-4967-A38C-84EC0966D634}.Release|x86.ActiveCfg = Release|Any CPU
		{21281C79-593C-4967-A38C-84EC0966D634}.Release|x86.Build.0 = Release|Any CPU
	EndGlobalSection
	GlobalSection(NestedProjects) = preSolution
		{F16C8B62-D1EF-4C22-BD44-64A502D296BC} = {3F42A9EC-1C8A-446C-9A1A-36B2C83BC789}
		{21281C79-593C-4967-A38C-84EC0966D634} = {06EF0BF4-DC7E-4973-AE5D-620CD6B27702}
	EndGlobalSection
EndGlobal
